
Microsoft Visual Studio Solution File, Format Version 12.00
# Visual Studio Version 17
VisualStudioVersion = 17.10.35201.131
MinimumVisualStudioVersion = 10.0.40219.1
Project("{FAE04EC0-301F-11D3-BF4B-00C04F79EFBC}") = "GlobalHR", "GlobalHR\GlobalHR.csproj", "{4148C9D3-BE6F-4600-AAE1-D232E0341D68}"
EndProject
Global
	GlobalSection(SolutionConfigurationPlatforms) = preSolution
		Debug|Any CPU = Debug|Any CPU
		Release|Any CPU = Release|Any CPU
	EndGlobalSection
	GlobalSection(ProjectConfigurationPlatforms) = postSolution
		{4148C9D3-BE6F-4600-AAE1-D232E0341D68}.Debug|Any CPU.ActiveCfg = Debug|Any CPU
		{4148C9D3-BE6F-4600-AAE1-D232E0341D68}.Debug|Any CPU.Build.0 = Debug|Any CPU
		{4148C9D3-BE6F-4600-AAE1-D232E0341D68}.Release|Any CPU.ActiveCfg = Release|Any CPU
		{4148C9D3-BE6F-4600-AAE1-D232E0341D68}.Release|Any CPU.Build.0 = Release|Any CPU
	EndGlobalSection
	GlobalSection(SolutionProperties) = preSolution
		HideSolutionNode = FALSE
	EndGlobalSection
	GlobalSection(ExtensibilityGlobals) = postSolution
		SolutionGuid = {634A0997-7367-4B2A-B84A-893E92D09528}
	EndGlobalSection
EndGlobal
